// !$*UTF8*$!
{
	archiveVersion = 1;
	classes = {
	};
	objectVersion = 46;
	objects = {

/* Begin PBXBuildFile section */
		18D34E121E2F0C05003B64F7 /* AppDelegate.swift in Sources */ = {isa = PBXBuildFile; fileRef = 18D34E111E2F0C05003B64F7 /* AppDelegate.swift */; };
		18D34E141E2F0C05003B64F7 /* ViewController.swift in Sources */ = {isa = PBXBuildFile; fileRef = 18D34E131E2F0C05003B64F7 /* ViewController.swift */; };
		18D34E171E2F0C05003B64F7 /* Main.storyboard in Resources */ = {isa = PBXBuildFile; fileRef = 18D34E151E2F0C05003B64F7 /* Main.storyboard */; };
		18D34E191E2F0C05003B64F7 /* Assets.xcassets in Resources */ = {isa = PBXBuildFile; fileRef = 18D34E181E2F0C05003B64F7 /* Assets.xcassets */; };
		18D34E1C1E2F0C05003B64F7 /* LaunchScreen.storyboard in Resources */ = {isa = PBXBuildFile; fileRef = 18D34E1A1E2F0C05003B64F7 /* LaunchScreen.storyboard */; };
		18D34E271E2F0C05003B64F7 /* sampleTextFieldTests.swift in Sources */ = {isa = PBXBuildFile; fileRef = 18D34E261E2F0C05003B64F7 /* sampleTextFieldTests.swift */; };
		18D34E321E2F0C05003B64F7 /* sampleTextFieldUITests.swift in Sources */ = {isa = PBXBuildFile; fileRef = 18D34E311E2F0C05003B64F7 /* sampleTextFieldUITests.swift */; };
/* End PBXBuildFile section */

/* Begin PBXContainerItemProxy section */
		18D34E231E2F0C05003B64F7 /* PBXContainerItemProxy */ = {
			isa = PBXContainerItemProxy;
			containerPortal = 18D34E061E2F0C05003B64F7 /* Project object */;
			proxyType = 1;
			remoteGlobalIDString = 18D34E0D1E2F0C05003B64F7;
			remoteInfo = sampleTextField;
		};
		18D34E2E1E2F0C05003B64F7 /* PBXContainerItemProxy */ = {
			isa = PBXContainerItemProxy;
			containerPortal = 18D34E061E2F0C05003B64F7 /* Project object */;
			proxyType = 1;
			remoteGlobalIDString = 18D34E0D1E2F0C05003B64F7;
			remoteInfo = sampleTextField;
		};
/* End PBXContainerItemProxy section */

/* Begin PBXFileReference section */
		18D34E0E1E2F0C05003B64F7 /* sampleTextField.app */ = {isa = PBXFileReference; explicitFileType = wrapper.application; includeInIndex = 0; path = sampleTextField.app; sourceTree = BUILT_PRODUCTS_DIR; };
		18D34E111E2F0C05003B64F7 /* AppDelegate.swift */ = {isa = PBXFileReference; lastKnownFileType = sourcecode.swift; path = AppDelegate.swift; sourceTree = "<group>"; };
		18D34E131E2F0C05003B64F7 /* ViewController.swift */ = {isa = PBXFileReference; lastKnownFileType = sourcecode.swift; path = ViewController.swift; sourceTree = "<group>"; };
		18D34E161E2F0C05003B64F7 /* Base */ = {isa = PBXFileReference; lastKnownFileType = file.storyboard; name = Base; path = Base.lproj/Main.storyboard; sourceTree = "<group>"; };
		18D34E181E2F0C05003B64F7 /* Assets.xcassets */ = {isa = PBXFileReference; lastKnownFileType = folder.assetcatalog; path = Assets.xcassets; sourceTree = "<group>"; };
		18D34E1B1E2F0C05003B64F7 /* Base */ = {isa = PBXFileReference; lastKnownFileType = file.storyboard; name = Base; path = Base.lproj/LaunchScreen.storyboard; sourceTree = "<group>"; };
		18D34E1D1E2F0C05003B64F7 /* Info.plist */ = {isa = PBXFileReference; lastKnownFileType = text.plist.xml; path = Info.plist; sourceTree = "<group>"; };
		18D34E221E2F0C05003B64F7 /* sampleTextFieldTests.xctest */ = {isa = PBXFileReference; explicitFileType = wrapper.cfbundle; includeInIndex = 0; path = sampleTextFieldTests.xctest; sourceTree = BUILT_PRODUCTS_DIR; };
		18D34E261E2F0C05003B64F7 /* sampleTextFieldTests.swift */ = {isa = PBXFileReference; lastKnownFileType = sourcecode.swift; path = sampleTextFieldTests.swift; sourceTree = "<group>"; };
		18D34E281E2F0C05003B64F7 /* Info.plist */ = {isa = PBXFileReference; lastKnownFileType = text.plist.xml; path = Info.plist; sourceTree = "<group>"; };
		18D34E2D1E2F0C05003B64F7 /* sampleTextFieldUITests.xctest */ = {isa = PBXFileReference; explicitFileType = wrapper.cfbundle; includeInIndex = 0; path = sampleTextFieldUITests.xctest; sourceTree = BUILT_PRODUCTS_DIR; };
		18D34E311E2F0C05003B64F7 /* sampleTextFieldUITests.swift */ = {isa = PBXFileReference; lastKnownFileType = sourcecode.swift; path = sampleTextFieldUITests.swift; sourceTree = "<group>"; };
		18D34E331E2F0C05003B64F7 /* Info.plist */ = {isa = PBXFileReference; lastKnownFileType = text.plist.xml; path = Info.plist; sourceTree = "<group>"; };
/* End PBXFileReference section */

/* Begin PBXFrameworksBuildPhase section */
		18D34E0B1E2F0C05003B64F7 /* Frameworks */ = {
			isa = PBXFrameworksBuildPhase;
			buildActionMask = 2147483647;
			files = (
			);
			runOnlyForDeploymentPostprocessing = 0;
		};
		18D34E1F1E2F0C05003B64F7 /* Frameworks */ = {
			isa = PBXFrameworksBuildPhase;
			buildActionMask = 2147483647;
			files = (
			);
			runOnlyForDeploymentPostprocessing = 0;
		};
		18D34E2A1E2F0C05003B64F7 /* Frameworks */ = {
			isa = PBXFrameworksBuildPhase;
			buildActionMask = 2147483647;
			files = (
			);
			runOnlyForDeploymentPostprocessing = 0;
		};
/* End PBXFrameworksBuildPhase section */

/* Begin PBXGroup section */
		18D34E051E2F0C05003B64F7 = {
			isa = PBXGroup;
			children = (
				18D34E101E2F0C05003B64F7 /* sampleTextField */,
				18D34E251E2F0C05003B64F7 /* sampleTextFieldTests */,
				18D34E301E2F0C05003B64F7 /* sampleTextFieldUITests */,
				18D34E0F1E2F0C05003B64F7 /* Products */,
			);
			sourceTree = "<group>";
		};
		18D34E0F1E2F0C05003B64F7 /* Products */ = {
			isa = PBXGroup;
			children = (
				18D34E0E1E2F0C05003B64F7 /* sampleTextField.app */,
				18D34E221E2F0C05003B64F7 /* sampleTextFieldTests.xctest */,
				18D34E2D1E2F0C05003B64F7 /* sampleTextFieldUITests.xctest */,
			);
			name = Products;
			sourceTree = "<group>";
		};
		18D34E101E2F0C05003B64F7 /* sampleTextField */ = {
			isa = PBXGroup;
			children = (
				18D34E111E2F0C05003B64F7 /* AppDelegate.swift */,
				18D34E131E2F0C05003B64F7 /* ViewController.swift */,
				18D34E151E2F0C05003B64F7 /* Main.storyboard */,
				18D34E181E2F0C05003B64F7 /* Assets.xcassets */,
				18D34E1A1E2F0C05003B64F7 /* LaunchScreen.storyboard */,
				18D34E1D1E2F0C05003B64F7 /* Info.plist */,
			);
			path = sampleTextField;
			sourceTree = "<group>";
		};
		18D34E251E2F0C05003B64F7 /* sampleTextFieldTests */ = {
			isa = PBXGroup;
			children = (
				18D34E261E2F0C05003B64F7 /* sampleTextFieldTests.swift */,
				18D34E281E2F0C05003B64F7 /* Info.plist */,
			);
			path = sampleTextFieldTests;
			sourceTree = "<group>";
		};
		18D34E301E2F0C05003B64F7 /* sampleTextFieldUITests */ = {
			isa = PBXGroup;
			children = (
				18D34E311E2F0C05003B64F7 /* sampleTextFieldUITests.swift */,
				18D34E331E2F0C05003B64F7 /* Info.plist */,
			);
			path = sampleTextFieldUITests;
			sourceTree = "<group>";
		};
/* End PBXGroup section */

/* Begin PBXNativeTarget section */
		18D34E0D1E2F0C05003B64F7 /* sampleTextField */ = {
			isa = PBXNativeTarget;
			buildConfigurationList = 18D34E361E2F0C05003B64F7 /* Build configuration list for PBXNativeTarget "sampleTextField" */;
			buildPhases = (
				18D34E0A1E2F0C05003B64F7 /* Sources */,
				18D34E0B1E2F0C05003B64F7 /* Frameworks */,
				18D34E0C1E2F0C05003B64F7 /* Resources */,
			);
			buildRules = (
			);
			dependencies = (
			);
			name = sampleTextField;
			productName = sampleTextField;
			productReference = 18D34E0E1E2F0C05003B64F7 /* sampleTextField.app */;
			productType = "com.apple.product-type.application";
		};
		18D34E211E2F0C05003B64F7 /* sampleTextFieldTests */ = {
			isa = PBXNativeTarget;
			buildConfigurationList = 18D34E391E2F0C05003B64F7 /* Build configuration list for PBXNativeTarget "sampleTextFieldTests" */;
			buildPhases = (
				18D34E1E1E2F0C05003B64F7 /* Sources */,
				18D34E1F1E2F0C05003B64F7 /* Frameworks */,
				18D34E201E2F0C05003B64F7 /* Resources */,
			);
			buildRules = (
			);
			dependencies = (
				18D34E241E2F0C05003B64F7 /* PBXTargetDependency */,
			);
			name = sampleTextFieldTests;
			productName = sampleTextFieldTests;
			productReference = 18D34E221E2F0C05003B64F7 /* sampleTextFieldTests.xctest */;
			productType = "com.apple.product-type.bundle.unit-test";
		};
		18D34E2C1E2F0C05003B64F7 /* sampleTextFieldUITests */ = {
			isa = PBXNativeTarget;
			buildConfigurationList = 18D34E3C1E2F0C05003B64F7 /* Build configuration list for PBXNativeTarget "sampleTextFieldUITests" */;
			buildPhases = (
				18D34E291E2F0C05003B64F7 /* Sources */,
				18D34E2A1E2F0C05003B64F7 /* Frameworks */,
				18D34E2B1E2F0C05003B64F7 /* Resources */,
			);
			buildRules = (
			);
			dependencies = (
				18D34E2F1E2F0C05003B64F7 /* PBXTargetDependency */,
			);
			name = sampleTextFieldUITests;
			productName = sampleTextFieldUITests;
			productReference = 18D34E2D1E2F0C05003B64F7 /* sampleTextFieldUITests.xctest */;
			productType = "com.apple.product-type.bundle.ui-testing";
		};
/* End PBXNativeTarget section */

/* Begin PBXProject section */
		18D34E061E2F0C05003B64F7 /* Project object */ = {
			isa = PBXProject;
			attributes = {
				LastSwiftUpdateCheck = 0820;
				LastUpgradeCheck = 0820;
				ORGANIZATIONNAME = "Sasaki Kazuhiro";
				TargetAttributes = {
					18D34E0D1E2F0C05003B64F7 = {
						CreatedOnToolsVersion = 8.2;
						ProvisioningStyle = Automatic;
					};
					18D34E211E2F0C05003B64F7 = {
						CreatedOnToolsVersion = 8.2;
						ProvisioningStyle = Automatic;
						TestTargetID = 18D34E0D1E2F0C05003B64F7;
					};
					18D34E2C1E2F0C05003B64F7 = {
						CreatedOnToolsVersion = 8.2;
						ProvisioningStyle = Automatic;
						TestTargetID = 18D34E0D1E2F0C05003B64F7;
					};
				};
			};
			buildConfigurationList = 18D34E091E2F0C05003B64F7 /* Build configuration list for PBXProject "sampleTextField" */;
			compatibilityVersion = "Xcode 3.2";
			developmentRegion = English;
			hasScannedForEncodings = 0;
			knownRegions = (
				en,
				Base,
			);
			mainGroup = 18D34E051E2F0C05003B64F7;
			productRefGroup = 18D34E0F1E2F0C05003B64F7 /* Products */;
			projectDirPath = "";
			projectRoot = "";
			targets = (
				18D34E0D1E2F0C05003B64F7 /* sampleTextField */,
				18D34E211E2F0C05003B64F7 /* sampleTextFieldTests */,
				18D34E2C1E2F0C05003B64F7 /* sampleTextFieldUITests */,
			);
		};
/* End PBXProject section */

/* Begin PBXResourcesBuildPhase section */
		18D34E0C1E2F0C05003B64F7 /* Resources */ = {
			isa = PBXResourcesBuildPhase;
			buildActionMask = 2147483647;
			files = (
				18D34E1C1E2F0C05003B64F7 /* LaunchScreen.storyboard in Resources */,
				18D34E191E2F0C05003B64F7 /* Assets.xcassets in Resources */,
				18D34E171E2F0C05003B64F7 /* Main.storyboard in Resources */,
			);
			runOnlyForDeploymentPostprocessing = 0;
		};
		18D34E201E2F0C05003B64F7 /* Resources */ = {
			isa = PBXResourcesBuildPhase;
			buildActionMask = 2147483647;
			files = (
			);
			runOnlyForDeploymentPostprocessing = 0;
		};
		18D34E2B1E2F0C05003B64F7 /* Resources */ = {
			isa = PBXResourcesBuildPhase;
			buildActionMask = 2147483647;
			files = (
			);
			runOnlyForDeploymentPostprocessing = 0;
		};
/* End PBXResourcesBuildPhase section */

/* Begin PBXSourcesBuildPhase section */
		18D34E0A1E2F0C05003B64F7 /* Sources */ = {
			isa = PBXSourcesBuildPhase;
			buildActionMask = 2147483647;
			files = (
				18D34E141E2F0C05003B64F7 /* ViewController.swift in Sources */,
				18D34E121E2F0C05003B64F7 /* AppDelegate.swift in Sources */,
			);
			runOnlyForDeploymentPostprocessing = 0;
		};
		18D34E1E1E2F0C05003B64F7 /* Sources */ = {
			isa = PBXSourcesBuildPhase;
			buildActionMask = 2147483647;
			files = (
				18D34E271E2F0C05003B64F7 /* sampleTextFieldTests.swift in Sources */,
			);
			runOnlyForDeploymentPostprocessing = 0;
		};
		18D34E291E2F0C05003B64F7 /* Sources */ = {
			isa = PBXSourcesBuildPhase;
			buildActionMask = 2147483647;
			files = (
				18D34E321E2F0C05003B64F7 /* sampleTextFieldUITests.swift in Sources */,
			);
			runOnlyForDeploymentPostprocessing = 0;
		};
/* End PBXSourcesBuildPhase section */

/* Begin PBXTargetDependency section */
		18D34E241E2F0C05003B64F7 /* PBXTargetDependency */ = {
			isa = PBXTargetDependency;
			target = 18D34E0D1E2F0C05003B64F7 /* sampleTextField */;
			targetProxy = 18D34E231E2F0C05003B64F7 /* PBXContainerItemProxy */;
		};
		18D34E2F1E2F0C05003B64F7 /* PBXTargetDependency */ = {
			isa = PBXTargetDependency;
			target = 18D34E0D1E2F0C05003B64F7 /* sampleTextField */;
			targetProxy = 18D34E2E1E2F0C05003B64F7 /* PBXContainerItemProxy */;
		};
/* End PBXTargetDependency section */

/* Begin PBXVariantGroup section */
		18D34E151E2F0C05003B64F7 /* Main.storyboard */ = {
			isa = PBXVariantGroup;
			children = (
				18D34E161E2F0C05003B64F7 /* Base */,
			);
			name = Main.storyboard;
			sourceTree = "<group>";
		};
		18D34E1A1E2F0C05003B64F7 /* LaunchScreen.storyboard */ = {
			isa = PBXVariantGroup;
			children = (
				18D34E1B1E2F0C05003B64F7 /* Base */,
			);
			name = LaunchScreen.storyboard;
			sourceTree = "<group>";
		};
/* End PBXVariantGroup section */

/* Begin XCBuildConfiguration section */
		18D34E341E2F0C05003B64F7 /* Debug */ = {
			isa = XCBuildConfiguration;
			buildSettings = {
				ALWAYS_SEARCH_USER_PATHS = NO;
				CLANG_ANALYZER_NONNULL = YES;
				CLANG_CXX_LANGUAGE_STANDARD = "gnu++0x";
				CLANG_CXX_LIBRARY = "libc++";
				CLANG_ENABLE_MODULES = YES;
				CLANG_ENABLE_OBJC_ARC = YES;
				CLANG_WARN_BOOL_CONVERSION = YES;
				CLANG_WARN_CONSTANT_CONVERSION = YES;
				CLANG_WARN_DIRECT_OBJC_ISA_USAGE = YES_ERROR;
				CLANG_WARN_DOCUMENTATION_COMMENTS = YES;
				CLANG_WARN_EMPTY_BODY = YES;
				CLANG_WARN_ENUM_CONVERSION = YES;
				CLANG_WARN_INFINITE_RECURSION = YES;
				CLANG_WARN_INT_CONVERSION = YES;
				CLANG_WARN_OBJC_ROOT_CLASS = YES_ERROR;
				CLANG_WARN_SUSPICIOUS_MOVE = YES;
				CLANG_WARN_UNREACHABLE_CODE = YES;
				CLANG_WARN__DUPLICATE_METHOD_MATCH = YES;
				"CODE_SIGN_IDENTITY[sdk=iphoneos*]" = "iPhone Developer";
				COPY_PHASE_STRIP = NO;
				DEBUG_INFORMATION_FORMAT = dwarf;
				ENABLE_STRICT_OBJC_MSGSEND = YES;
				ENABLE_TESTABILITY = YES;
				GCC_C_LANGUAGE_STANDARD = gnu99;
				GCC_DYNAMIC_NO_PIC = NO;
				GCC_NO_COMMON_BLOCKS = YES;
				GCC_OPTIMIZATION_LEVEL = 0;
				GCC_PREPROCESSOR_DEFINITIONS = (
					"DEBUG=1",
					"$(inherited)",
				);
				GCC_WARN_64_TO_32_BIT_CONVERSION = YES;
				GCC_WARN_ABOUT_RETURN_TYPE = YES_ERROR;
				GCC_WARN_UNDECLARED_SELECTOR = YES;
				GCC_WARN_UNINITIALIZED_AUTOS = YES_AGGRESSIVE;
				GCC_WARN_UNUSED_FUNCTION = YES;
				GCC_WARN_UNUSED_VARIABLE = YES;
				IPHONEOS_DEPLOYMENT_TARGET = 10.2;
				MTL_ENABLE_DEBUG_INFO = YES;
				ONLY_ACTIVE_ARCH = YES;
				SDKROOT = iphoneos;
				SWIFT_ACTIVE_COMPILATION_CONDITIONS = DEBUG;
				SWIFT_OPTIMIZATION_LEVEL = "-Onone";
				TARGETED_DEVICE_FAMILY = "1,2";
			};
			name = Debug;
		};
		18D34E351E2F0C05003B64F7 /* Release */ = {
			isa = XCBuildConfiguration;
			buildSettings = {
				ALWAYS_SEARCH_USER_PATHS = NO;
				CLANG_ANALYZER_NONNULL = YES;
				CLANG_CXX_LANGUAGE_STANDARD = "gnu++0x";
				CLANG_CXX_LIBRARY = "libc++";
				CLANG_ENABLE_MODULES = YES;
				CLANG_ENABLE_OBJC_ARC = YES;
				CLANG_WARN_BOOL_CONVERSION = YES;
				CLANG_WARN_CONSTANT_CONVERSION = YES;
				CLANG_WARN_DIRECT_OBJC_ISA_USAGE = YES_ERROR;
				CLANG_WARN_DOCUMENTATION_COMMENTS = YES;
				CLANG_WARN_EMPTY_BODY = YES;
				CLANG_WARN_ENUM_CONVERSION = YES;
				CLANG_WARN_INFINITE_RECURSION = YES;
				CLANG_WARN_INT_CONVERSION = YES;
				CLANG_WARN_OBJC_ROOT_CLASS = YES_ERROR;
				CLANG_WARN_SUSPICIOUS_MOVE = YES;
				CLANG_WARN_UNREACHABLE_CODE = YES;
				CLANG_WARN__DUPLICATE_METHOD_MATCH = YES;
				"CODE_SIGN_IDENTITY[sdk=iphoneos*]" = "iPhone Developer";
				COPY_PHASE_STRIP = NO;
				DEBUG_INFORMATION_FORMAT = "dwarf-with-dsym";
				ENABLE_NS_ASSERTIONS = NO;
				ENABLE_STRICT_OBJC_MSGSEND = YES;
				GCC_C_LANGUAGE_STANDARD = gnu99;
				GCC_NO_COMMON_BLOCKS = YES;
				GCC_WARN_64_TO_32_BIT_CONVERSION = YES;
				GCC_WARN_ABOUT_RETURN_TYPE = YES_ERROR;
				GCC_WARN_UNDECLARED_SELECTOR = YES;
				GCC_WARN_UNINITIALIZED_AUTOS = YES_AGGRESSIVE;
				GCC_WARN_UNUSED_FUNCTION = YES;
				GCC_WARN_UNUSED_VARIABLE = YES;
				IPHONEOS_DEPLOYMENT_TARGET = 10.2;
				MTL_ENABLE_DEBUG_INFO = NO;
				SDKROOT = iphoneos;
				SWIFT_OPTIMIZATION_LEVEL = "-Owholemodule";
				TARGETED_DEVICE_FAMILY = "1,2";
				VALIDATE_PRODUCT = YES;
			};
			name = Release;
		};
		18D34E371E2F0C05003B64F7 /* Debug */ = {
			isa = XCBuildConfiguration;
			buildSettings = {
				ASSETCATALOG_COMPILER_APPICON_NAME = AppIcon;
				INFOPLIST_FILE = sampleTextField/Info.plist;
				LD_RUNPATH_SEARCH_PATHS = "$(inherited) @executable_path/Frameworks";
				PRODUCT_BUNDLE_IDENTIFIER = com.sasakikazuhiro.sampleTextField;
				PRODUCT_NAME = "$(TARGET_NAME)";
				SWIFT_VERSION = 3.0;
			};
			name = Debug;
		};
		18D34E381E2F0C05003B64F7 /* Release */ = {
			isa = XCBuildConfiguration;
			buildSettings = {
				ASSETCATALOG_COMPILER_APPICON_NAME = AppIcon;
				INFOPLIST_FILE = sampleTextField/Info.plist;
				LD_RUNPATH_SEARCH_PATHS = "$(inherited) @executable_path/Frameworks";
				PRODUCT_BUNDLE_IDENTIFIER = com.sasakikazuhiro.sampleTextField;
				PRODUCT_NAME = "$(TARGET_NAME)";
				SWIFT_VERSION = 3.0;
			};
			name = Release;
		};
		18D34E3A1E2F0C05003B64F7 /* Debug */ = {
			isa = XCBuildConfiguration;
			buildSettings = {
				ALWAYS_EMBED_SWIFT_STANDARD_LIBRARIES = YES;
				BUNDLE_LOADER = "$(TEST_HOST)";
				INFOPLIST_FILE = sampleTextFieldTests/Info.plist;
				LD_RUNPATH_SEARCH_PATHS = "$(inherited) @executable_path/Frameworks @loader_path/Frameworks";
				PRODUCT_BUNDLE_IDENTIFIER = com.sasakikazuhiro.sampleTextFieldTests;
				PRODUCT_NAME = "$(TARGET_NAME)";
				SWIFT_VERSION = 3.0;
				TEST_HOST = "$(BUILT_PRODUCTS_DIR)/sampleTextField.app/sampleTextField";
			};
			name = Debug;
		};
		18D34E3B1E2F0C05003B64F7 /* Release */ = {
			isa = XCBuildConfiguration;
			buildSettings = {
				ALWAYS_EMBED_SWIFT_STANDARD_LIBRARIES = YES;
				BUNDLE_LOADER = "$(TEST_HOST)";
				INFOPLIST_FILE = sampleTextFieldTests/Info.plist;
				LD_RUNPATH_SEARCH_PATHS = "$(inherited) @executable_path/Frameworks @loader_path/Frameworks";
				PRODUCT_BUNDLE_IDENTIFIER = com.sasakikazuhiro.sampleTextFieldTests;
				PRODUCT_NAME = "$(TARGET_NAME)";
				SWIFT_VERSION = 3.0;
				TEST_HOST = "$(BUILT_PRODUCTS_DIR)/sampleTextField.app/sampleTextField";
			};
			name = Release;
		};
		18D34E3D1E2F0C05003B64F7 /* Debug */ = {
			isa = XCBuildConfiguration;
			buildSettings = {
				ALWAYS_EMBED_SWIFT_STANDARD_LIBRARIES = YES;
				INFOPLIST_FILE = sampleTextFieldUITests/Info.plist;
				LD_RUNPATH_SEARCH_PATHS = "$(inherited) @executable_path/Frameworks @loader_path/Frameworks";
				PRODUCT_BUNDLE_IDENTIFIER = com.sasakikazuhiro.sampleTextFieldUITests;
				PRODUCT_NAME = "$(TARGET_NAME)";
				SWIFT_VERSION = 3.0;
				TEST_TARGET_NAME = sampleTextField;
			};
			name = Debug;
		};
		18D34E3E1E2F0C05003B64F7 /* Release */ = {
			isa = XCBuildConfiguration;
			buildSettings = {
				ALWAYS_EMBED_SWIFT_STANDARD_LIBRARIES = YES;
				INFOPLIST_FILE = sampleTextFieldUITests/Info.plist;
				LD_RUNPATH_SEARCH_PATHS = "$(inherited) @executable_path/Frameworks @loader_path/Frameworks";
				PRODUCT_BUNDLE_IDENTIFIER = com.sasakikazuhiro.sampleTextFieldUITests;
				PRODUCT_NAME = "$(TARGET_NAME)";
				SWIFT_VERSION = 3.0;
				TEST_TARGET_NAME = sampleTextField;
			};
			name = Release;
		};
/* End XCBuildConfiguration section */

/* Begin XCConfigurationList section */
		18D34E091E2F0C05003B64F7 /* Build configuration list for PBXProject "sampleTextField" */ = {
			isa = XCConfigurationList;
			buildConfigurations = (
				18D34E341E2F0C05003B64F7 /* Debug */,
				18D34E351E2F0C05003B64F7 /* Release */,
			);
			defaultConfigurationIsVisible = 0;
			defaultConfigurationName = Release;
		};
		18D34E361E2F0C05003B64F7 /* Build configuration list for PBXNativeTarget "sampleTextField" */ = {
			isa = XCConfigurationList;
			buildConfigurations = (
				18D34E371E2F0C05003B64F7 /* Debug */,
				18D34E381E2F0C05003B64F7 /* Release */,
			);
			defaultConfigurationIsVisible = 0;
		};
		18D34E391E2F0C05003B64F7 /* Build configuration list for PBXNativeTarget "sampleTextFieldTests" */ = {
			isa = XCConfigurationList;
			buildConfigurations = (
				18D34E3A1E2F0C05003B64F7 /* Debug */,
				18D34E3B1E2F0C05003B64F7 /* Release */,
			);
			defaultConfigurationIsVisible = 0;
		};
		18D34E3C1E2F0C05003B64F7 /* Build configuration list for PBXNativeTarget "sampleTextFieldUITests" */ = {
			isa = XCConfigurationList;
			buildConfigurations = (
				18D34E3D1E2F0C05003B64F7 /* Debug */,
				18D34E3E1E2F0C05003B64F7 /* Release */,
			);
			defaultConfigurationIsVisible = 0;
		};
/* End XCConfigurationList section */
	};
	rootObject = 18D34E061E2F0C05003B64F7 /* Project object */;
}
